
Microsoft Visual Studio Solution File, Format Version 12.00
Project("{FAE04EC0-301F-11D3-BF4B-00C04F79EFBC}") = "GraduateWork", "GraduateWork\GraduateWork.csproj", "{47B24C9E-1B36-44CB-8E93-F0C574F8CB98}"
EndProject
Global
	GlobalSection(SolutionConfigurationPlatforms) = preSolution
		Debug|Any CPU = Debug|Any CPU
		Release|Any CPU = Release|Any CPU
	EndGlobalSection
	GlobalSection(ProjectConfigurationPlatforms) = postSolution
		{47B24C9E-1B36-44CB-8E93-F0C574F8CB98}.Debug|Any CPU.ActiveCfg = Debug|Any CPU
		{47B24C9E-1B36-44CB-8E93-F0C574F8CB98}.Debug|Any CPU.Build.0 = Debug|Any CPU
		{47B24C9E-1B36-44CB-8E93-F0C574F8CB98}.Release|Any CPU.ActiveCfg = Release|Any CPU
		{47B24C9E-1B36-44CB-8E93-F0C574F8CB98}.Release|Any CPU.Build.0 = Release|Any CPU
	EndGlobalSection
EndGlobal
